
Microsoft Visual Studio Solution File, Format Version 12.00
# Visual Studio 2013
VisualStudioVersion = 12.0.40629.0
MinimumVisualStudioVersion = 10.0.40219.1
Project("{FAE04EC0-301F-11D3-BF4B-00C04F79EFBC}") = "FTP_Downloader", "FTP_Downloader.csproj", "{3E81A375-FD5E-4D52-BE7A-43284788B2D0}"
EndProject
Global
	GlobalSection(TeamFoundationVersionControl) = preSolution
		SccNumberOfProjects = 2
		SccEnterpriseProvider = {4CA58AB2-18FA-4F8D-95D4-32DDF27D184C}
		SccTeamFoundationServer = http://tfs.seoyoneh.com:8080/tfs/%ED%95%9C%EC%9D%BC%EC%9D%B4%ED%99%94-erm
		SccLocalPath0 = .
		SccProjectUniqueName1 = FTP_Downloader.csproj
		SccLocalPath1 = .
	EndGlobalSection
	GlobalSection(SolutionConfigurationPlatforms) = preSolution
		Debug|Any CPU = Debug|Any CPU
		Release|Any CPU = Release|Any CPU
	EndGlobalSection
	GlobalSection(ProjectConfigurationPlatforms) = postSolution
		{3E81A375-FD5E-4D52-BE7A-43284788B2D0}.Debug|Any CPU.ActiveCfg = Debug|Any CPU
		{3E81A375-FD5E-4D52-BE7A-43284788B2D0}.Debug|Any CPU.Build.0 = Debug|Any CPU
		{3E81A375-FD5E-4D52-BE7A-43284788B2D0}.Release|Any CPU.ActiveCfg = Release|Any CPU
		{3E81A375-FD5E-4D52-BE7A-43284788B2D0}.Release|Any CPU.Build.0 = Release|Any CPU
	EndGlobalSection
	GlobalSection(SolutionProperties) = preSolution
		HideSolutionNode = FALSE
	EndGlobalSection
EndGlobal
